
Microsoft Visual Studio Solution File, Format Version 12.00
# Visual Studio Version 16
VisualStudioVersion = 16.0.29519.87
MinimumVisualStudioVersion = 10.0.40219.1
Project("{FAE04EC0-301F-11D3-BF4B-00C04F79EFBC}") = "CreatingTextFile", "CreatingTextFile.csproj", "{0EA74864-2BE3-476D-A560-42E9EFB389DE}"
EndProject
Global
	GlobalSection(SolutionConfigurationPlatforms) = preSolution
		Debug|Any CPU = Debug|Any CPU
		Release|Any CPU = Release|Any CPU
	EndGlobalSection
	GlobalSection(ProjectConfigurationPlatforms) = postSolution
		{0EA74864-2BE3-476D-A560-42E9EFB389DE}.Debug|Any CPU.ActiveCfg = Debug|Any CPU
		{0EA74864-2BE3-476D-A560-42E9EFB389DE}.Debug|Any CPU.Build.0 = Debug|Any CPU
		{0EA74864-2BE3-476D-A560-42E9EFB389DE}.Release|Any CPU.ActiveCfg = Release|Any CPU
		{0EA74864-2BE3-476D-A560-42E9EFB389DE}.Release|Any CPU.Build.0 = Release|Any CPU
	EndGlobalSection
	GlobalSection(SolutionProperties) = preSolution
		HideSolutionNode = FALSE
	EndGlobalSection
	GlobalSection(ExtensibilityGlobals) = postSolution
		SolutionGuid = {087B5409-D407-4079-A62A-7255EEC02346}
	EndGlobalSection
EndGlobal
